
Microsoft Visual Studio Solution File, Format Version 12.00
# Visual Studio Version 17
VisualStudioVersion = 17.10.34928.147
MinimumVisualStudioVersion = 10.0.40219.1
Project("{FAE04EC0-301F-11D3-BF4B-00C04F79EFBC}") = "SolutionDemoBankAccount", "SolutionDemoBankAccount\SolutionDemoBankAccount.csproj", "{30EF8831-D08F-44E5-A07B-F3B3BE7CFFCE}"
EndProject
Global
	GlobalSection(SolutionConfigurationPlatforms) = preSolution
		Debug|Any CPU = Debug|Any CPU
		Release|Any CPU = Release|Any CPU
	EndGlobalSection
	GlobalSection(ProjectConfigurationPlatforms) = postSolution
		{30EF8831-D08F-44E5-A07B-F3B3BE7CFFCE}.Debug|Any CPU.ActiveCfg = Debug|Any CPU
		{30EF8831-D08F-44E5-A07B-F3B3BE7CFFCE}.Debug|Any CPU.Build.0 = Debug|Any CPU
		{30EF8831-D08F-44E5-A07B-F3B3BE7CFFCE}.Release|Any CPU.ActiveCfg = Release|Any CPU
		{30EF8831-D08F-44E5-A07B-F3B3BE7CFFCE}.Release|Any CPU.Build.0 = Release|Any CPU
	EndGlobalSection
	GlobalSection(SolutionProperties) = preSolution
		HideSolutionNode = FALSE
	EndGlobalSection
	GlobalSection(ExtensibilityGlobals) = postSolution
		SolutionGuid = {72CE181E-2C04-411C-88D7-B4C0769C27B0}
	EndGlobalSection
EndGlobal
