
Microsoft Visual Studio Solution File, Format Version 12.00
# Visual Studio Version 17
VisualStudioVersion = 17.10.34928.147
MinimumVisualStudioVersion = 10.0.40219.1
Project("{FAE04EC0-301F-11D3-BF4B-00C04F79EFBC}") = "WpfAppPraktika", "WpfAppPraktika\WpfAppPraktika.csproj", "{446FDCCE-1404-4BE3-A622-2BBA0A2CA9F9}"
EndProject
Global
	GlobalSection(SolutionConfigurationPlatforms) = preSolution
		Debug|Any CPU = Debug|Any CPU
		Release|Any CPU = Release|Any CPU
	EndGlobalSection
	GlobalSection(ProjectConfigurationPlatforms) = postSolution
		{446FDCCE-1404-4BE3-A622-2BBA0A2CA9F9}.Debug|Any CPU.ActiveCfg = Debug|Any CPU
		{446FDCCE-1404-4BE3-A622-2BBA0A2CA9F9}.Debug|Any CPU.Build.0 = Debug|Any CPU
		{446FDCCE-1404-4BE3-A622-2BBA0A2CA9F9}.Release|Any CPU.ActiveCfg = Release|Any CPU
		{446FDCCE-1404-4BE3-A622-2BBA0A2CA9F9}.Release|Any CPU.Build.0 = Release|Any CPU
	EndGlobalSection
	GlobalSection(SolutionProperties) = preSolution
		HideSolutionNode = FALSE
	EndGlobalSection
	GlobalSection(ExtensibilityGlobals) = postSolution
		SolutionGuid = {F87BC566-1320-485F-AE8D-CF351D799487}
	EndGlobalSection
EndGlobal
